{
  "name": "lib",
  "lockfileVersion": 2,
  "requires": true,
  "packages": {
    "": {
      "dependencies": {
        "@mescius/dspdfviewer": "8.1.3"
      }
    },
    "node_modules/@mescius/dspdfviewer": {
      "version": "8.1.3",
      "resolved": "https://registry.npmjs.org/@mescius/dspdfviewer/-/dspdfviewer-8.1.3.tgz",
      "integrity": "sha512-vZMGN2SgoFEVL7BBhJc5c7gGKiFFBPxzdfGdbZ/GvROsMrOPPoHcMvRQAAGBkpKmgvYirvPRhCNhle0lwJJ1LQ=="
    }
  },
  "dependencies": {
    "@mescius/dspdfviewer": {
      "version": "8.1.3",
      "resolved": "https://registry.npmjs.org/@mescius/dspdfviewer/-/dspdfviewer-8.1.3.tgz",
      "integrity": "sha512-vZMGN2SgoFEVL7BBhJc5c7gGKiFFBPxzdfGdbZ/GvROsMrOPPoHcMvRQAAGBkpKmgvYirvPRhCNhle0lwJJ1LQ=="
    }
  }
}
