{
  "name": "lib",
  "lockfileVersion": 2,
  "requires": true,
  "packages": {
    "": {
      "dependencies": {
        "@grapecity/gcpdfviewer": "4.2.2"
      }
    },
    "node_modules/@grapecity/gcpdfviewer": {
      "version": "4.2.2",
      "resolved": "https://registry.npmjs.org/@grapecity/gcpdfviewer/-/gcpdfviewer-4.2.2.tgz",
      "integrity": "sha512-iTdb4xJ0WelfUU65SD5TAL0AlTr/I1ieAjcI4s68P/CjkecT+A8EdxHUTC718t6dt4nnDcIOvL3e08QElFUM+Q=="
    }
  },
  "dependencies": {
    "@grapecity/gcpdfviewer": {
      "version": "4.2.2",
      "resolved": "https://registry.npmjs.org/@grapecity/gcpdfviewer/-/gcpdfviewer-4.2.2.tgz",
      "integrity": "sha512-iTdb4xJ0WelfUU65SD5TAL0AlTr/I1ieAjcI4s68P/CjkecT+A8EdxHUTC718t6dt4nnDcIOvL3e08QElFUM+Q=="
    }
  }
}
